
Microsoft Visual Studio Solution File, Format Version 12.00
# Visual Studio Version 17
VisualStudioVersion = 17.13.35919.96 d17.13
MinimumVisualStudioVersion = 10.0.40219.1
Project("{FAE04EC0-301F-11D3-BF4B-00C04F79EFBC}") = "Consegna", "Consegna\Consegna.csproj", "{9FED2C05-5B6C-4278-94CD-1FD890527264}"
EndProject
Global
	GlobalSection(SolutionConfigurationPlatforms) = preSolution
		Debug|Any CPU = Debug|Any CPU
		Release|Any CPU = Release|Any CPU
	EndGlobalSection
	GlobalSection(ProjectConfigurationPlatforms) = postSolution
		{9FED2C05-5B6C-4278-94CD-1FD890527264}.Debug|Any CPU.ActiveCfg = Debug|Any CPU
		{9FED2C05-5B6C-4278-94CD-1FD890527264}.Debug|Any CPU.Build.0 = Debug|Any CPU
		{9FED2C05-5B6C-4278-94CD-1FD890527264}.Release|Any CPU.ActiveCfg = Release|Any CPU
		{9FED2C05-5B6C-4278-94CD-1FD890527264}.Release|Any CPU.Build.0 = Release|Any CPU
	EndGlobalSection
	GlobalSection(SolutionProperties) = preSolution
		HideSolutionNode = FALSE
	EndGlobalSection
	GlobalSection(ExtensibilityGlobals) = postSolution
		SolutionGuid = {1434C61E-27F3-4319-8F36-162C45D29834}
	EndGlobalSection
EndGlobal
