
Microsoft Visual Studio Solution File, Format Version 12.00
# Visual Studio Version 17
VisualStudioVersion = 17.13.35919.96 d17.13
MinimumVisualStudioVersion = 10.0.40219.1
Project("{FAE04EC0-301F-11D3-BF4B-00C04F79EFBC}") = "Divisione", "Divisione\Divisione.csproj", "{ED315F79-9D78-425B-AC94-77739907BBF1}"
EndProject
Global
	GlobalSection(SolutionConfigurationPlatforms) = preSolution
		Debug|Any CPU = Debug|Any CPU
		Release|Any CPU = Release|Any CPU
	EndGlobalSection
	GlobalSection(ProjectConfigurationPlatforms) = postSolution
		{ED315F79-9D78-425B-AC94-77739907BBF1}.Debug|Any CPU.ActiveCfg = Debug|Any CPU
		{ED315F79-9D78-425B-AC94-77739907BBF1}.Debug|Any CPU.Build.0 = Debug|Any CPU
		{ED315F79-9D78-425B-AC94-77739907BBF1}.Release|Any CPU.ActiveCfg = Release|Any CPU
		{ED315F79-9D78-425B-AC94-77739907BBF1}.Release|Any CPU.Build.0 = Release|Any CPU
	EndGlobalSection
	GlobalSection(SolutionProperties) = preSolution
		HideSolutionNode = FALSE
	EndGlobalSection
	GlobalSection(ExtensibilityGlobals) = postSolution
		SolutionGuid = {9451399A-B303-4C7E-B1E6-9E4A98C7C8BF}
	EndGlobalSection
EndGlobal
