
Microsoft Visual Studio Solution File, Format Version 12.00
# Visual Studio Version 17
VisualStudioVersion = 17.13.35919.96 d17.13
MinimumVisualStudioVersion = 10.0.40219.1
Project("{FAE04EC0-301F-11D3-BF4B-00C04F79EFBC}") = "CalcoloCerchio", "CalcoloCerchio\CalcoloCerchio.csproj", "{C4789B8B-873C-45FA-8E92-90E5E2122950}"
EndProject
Global
	GlobalSection(SolutionConfigurationPlatforms) = preSolution
		Debug|Any CPU = Debug|Any CPU
		Release|Any CPU = Release|Any CPU
	EndGlobalSection
	GlobalSection(ProjectConfigurationPlatforms) = postSolution
		{C4789B8B-873C-45FA-8E92-90E5E2122950}.Debug|Any CPU.ActiveCfg = Debug|Any CPU
		{C4789B8B-873C-45FA-8E92-90E5E2122950}.Debug|Any CPU.Build.0 = Debug|Any CPU
		{C4789B8B-873C-45FA-8E92-90E5E2122950}.Release|Any CPU.ActiveCfg = Release|Any CPU
		{C4789B8B-873C-45FA-8E92-90E5E2122950}.Release|Any CPU.Build.0 = Release|Any CPU
	EndGlobalSection
	GlobalSection(SolutionProperties) = preSolution
		HideSolutionNode = FALSE
	EndGlobalSection
	GlobalSection(ExtensibilityGlobals) = postSolution
		SolutionGuid = {707E6082-D44E-4193-AE92-16751BF58016}
	EndGlobalSection
EndGlobal
